
Microsoft Visual Studio Solution File, Format Version 12.00
# Visual Studio Version 16
VisualStudioVersion = 16.0.30330.147
MinimumVisualStudioVersion = 10.0.40219.1
Project("{9A19103F-16F7-4668-BE54-9A1E7A4F7556}") = "Smb.Core", "Smb.Core\Smb.Core.csproj", "{AB871588-C388-4888-8C61-EAA181D5176C}"
EndProject
Project("{9A19103F-16F7-4668-BE54-9A1E7A4F7556}") = "Smb.Server", "Smb.Server\Smb.Server.csproj", "{05272E72-5388-4E5A-A030-6FD335EE882B}"
EndProject
Project("{9A19103F-16F7-4668-BE54-9A1E7A4F7556}") = "Smb.Server.Host", "Smb.Server.Host\Smb.Server.Host.csproj", "{1E996B85-C9D0-46E2-B8E9-746618447925}"
EndProject
Global
	GlobalSection(SolutionConfigurationPlatforms) = preSolution
		Debug|Any CPU = Debug|Any CPU
		Release|Any CPU = Release|Any CPU
	EndGlobalSection
	GlobalSection(ProjectConfigurationPlatforms) = postSolution
		{AB871588-C388-4888-8C61-EAA181D5176C}.Debug|Any CPU.ActiveCfg = Debug|Any CPU
		{AB871588-C388-4888-8C61-EAA181D5176C}.Debug|Any CPU.Build.0 = Debug|Any CPU
		{AB871588-C388-4888-8C61-EAA181D5176C}.Release|Any CPU.ActiveCfg = Release|Any CPU
		{AB871588-C388-4888-8C61-EAA181D5176C}.Release|Any CPU.Build.0 = Release|Any CPU
		{05272E72-5388-4E5A-A030-6FD335EE882B}.Debug|Any CPU.ActiveCfg = Debug|Any CPU
		{05272E72-5388-4E5A-A030-6FD335EE882B}.Debug|Any CPU.Build.0 = Debug|Any CPU
		{05272E72-5388-4E5A-A030-6FD335EE882B}.Release|Any CPU.ActiveCfg = Release|Any CPU
		{05272E72-5388-4E5A-A030-6FD335EE882B}.Release|Any CPU.Build.0 = Release|Any CPU
		{1E996B85-C9D0-46E2-B8E9-746618447925}.Debug|Any CPU.ActiveCfg = Debug|Any CPU
		{1E996B85-C9D0-46E2-B8E9-746618447925}.Debug|Any CPU.Build.0 = Debug|Any CPU
		{1E996B85-C9D0-46E2-B8E9-746618447925}.Release|Any CPU.ActiveCfg = Release|Any CPU
		{1E996B85-C9D0-46E2-B8E9-746618447925}.Release|Any CPU.Build.0 = Release|Any CPU
	EndGlobalSection
	GlobalSection(SolutionProperties) = preSolution
		HideSolutionNode = FALSE
	EndGlobalSection
	GlobalSection(ExtensibilityGlobals) = postSolution
		SolutionGuid = {67DEC2DD-120C-4075-82BF-5BAAF63675DC}
	EndGlobalSection
EndGlobal
